// !$*UTF8*$!
{
	archiveVersion = 1;
	classes = {
	};
	objectVersion = 46;
	objects = {

/* Begin PBXBuildFile section */
		94014CDC1DCD0B93007DC371 /* AppDelegate.swift in Sources */ = {isa = PBXBuildFile; fileRef = 94014CDB1DCD0B93007DC371 /* AppDelegate.swift */; };
		94014CDE1DCD0B93007DC371 /* ViewController.swift in Sources */ = {isa = PBXBuildFile; fileRef = 94014CDD1DCD0B93007DC371 /* ViewController.swift */; };
		94014CE11DCD0B93007DC371 /* Main.storyboard in Resources */ = {isa = PBXBuildFile; fileRef = 94014CDF1DCD0B93007DC371 /* Main.storyboard */; };
		94014CE31DCD0B93007DC371 /* Assets.xcassets in Resources */ = {isa = PBXBuildFile; fileRef = 94014CE21DCD0B93007DC371 /* Assets.xcassets */; };
		94014CE61DCD0B93007DC371 /* LaunchScreen.storyboard in Resources */ = {isa = PBXBuildFile; fileRef = 94014CE41DCD0B93007DC371 /* LaunchScreen.storyboard */; };
		94014CF11DCD0B94007DC371 /* JumpsterTests.swift in Sources */ = {isa = PBXBuildFile; fileRef = 94014CF01DCD0B94007DC371 /* JumpsterTests.swift */; };
		94014CFC1DCD0B94007DC371 /* JumpsterUITests.swift in Sources */ = {isa = PBXBuildFile; fileRef = 94014CFB1DCD0B94007DC371 /* JumpsterUITests.swift */; };
/* End PBXBuildFile section */

/* Begin PBXContainerItemProxy section */
		94014CED1DCD0B94007DC371 /* PBXContainerItemProxy */ = {
			isa = PBXContainerItemProxy;
			containerPortal = 94014CD01DCD0B93007DC371 /* Project object */;
			proxyType = 1;
			remoteGlobalIDString = 94014CD71DCD0B93007DC371;
			remoteInfo = Jumpster;
		};
		94014CF81DCD0B94007DC371 /* PBXContainerItemProxy */ = {
			isa = PBXContainerItemProxy;
			containerPortal = 94014CD01DCD0B93007DC371 /* Project object */;
			proxyType = 1;
			remoteGlobalIDString = 94014CD71DCD0B93007DC371;
			remoteInfo = Jumpster;
		};
/* End PBXContainerItemProxy section */

/* Begin PBXFileReference section */
		94014CD81DCD0B93007DC371 /* Jumpster.app */ = {isa = PBXFileReference; explicitFileType = wrapper.application; includeInIndex = 0; path = Jumpster.app; sourceTree = BUILT_PRODUCTS_DIR; };
		94014CDB1DCD0B93007DC371 /* AppDelegate.swift */ = {isa = PBXFileReference; lastKnownFileType = sourcecode.swift; path = AppDelegate.swift; sourceTree = "<group>"; };
		94014CDD1DCD0B93007DC371 /* ViewController.swift */ = {isa = PBXFileReference; lastKnownFileType = sourcecode.swift; path = ViewController.swift; sourceTree = "<group>"; };
		94014CE01DCD0B93007DC371 /* Base */ = {isa = PBXFileReference; lastKnownFileType = file.storyboard; name = Base; path = Base.lproj/Main.storyboard; sourceTree = "<group>"; };
		94014CE21DCD0B93007DC371 /* Assets.xcassets */ = {isa = PBXFileReference; lastKnownFileType = folder.assetcatalog; path = Assets.xcassets; sourceTree = "<group>"; };
		94014CE51DCD0B93007DC371 /* Base */ = {isa = PBXFileReference; lastKnownFileType = file.storyboard; name = Base; path = Base.lproj/LaunchScreen.storyboard; sourceTree = "<group>"; };
		94014CE71DCD0B93007DC371 /* Info.plist */ = {isa = PBXFileReference; lastKnownFileType = text.plist.xml; path = Info.plist; sourceTree = "<group>"; };
		94014CEC1DCD0B94007DC371 /* JumpsterTests.xctest */ = {isa = PBXFileReference; explicitFileType = wrapper.cfbundle; includeInIndex = 0; path = JumpsterTests.xctest; sourceTree = BUILT_PRODUCTS_DIR; };
		94014CF01DCD0B94007DC371 /* JumpsterTests.swift */ = {isa = PBXFileReference; lastKnownFileType = sourcecode.swift; path = JumpsterTests.swift; sourceTree = "<group>"; };
		94014CF21DCD0B94007DC371 /* Info.plist */ = {isa = PBXFileReference; lastKnownFileType = text.plist.xml; path = Info.plist; sourceTree = "<group>"; };
		94014CF71DCD0B94007DC371 /* JumpsterUITests.xctest */ = {isa = PBXFileReference; explicitFileType = wrapper.cfbundle; includeInIndex = 0; path = JumpsterUITests.xctest; sourceTree = BUILT_PRODUCTS_DIR; };
		94014CFB1DCD0B94007DC371 /* JumpsterUITests.swift */ = {isa = PBXFileReference; lastKnownFileType = sourcecode.swift; path = JumpsterUITests.swift; sourceTree = "<group>"; };
		94014CFD1DCD0B94007DC371 /* Info.plist */ = {isa = PBXFileReference; lastKnownFileType = text.plist.xml; path = Info.plist; sourceTree = "<group>"; };
/* End PBXFileReference section */

/* Begin PBXFrameworksBuildPhase section */
		94014CD51DCD0B93007DC371 /* Frameworks */ = {
			isa = PBXFrameworksBuildPhase;
			buildActionMask = 2147483647;
			files = (
			);
			runOnlyForDeploymentPostprocessing = 0;
		};
		94014CE91DCD0B94007DC371 /* Frameworks */ = {
			isa = PBXFrameworksBuildPhase;
			buildActionMask = 2147483647;
			files = (
			);
			runOnlyForDeploymentPostprocessing = 0;
		};
		94014CF41DCD0B94007DC371 /* Frameworks */ = {
			isa = PBXFrameworksBuildPhase;
			buildActionMask = 2147483647;
			files = (
			);
			runOnlyForDeploymentPostprocessing = 0;
		};
/* End PBXFrameworksBuildPhase section */

/* Begin PBXGroup section */
		94014CCF1DCD0B93007DC371 = {
			isa = PBXGroup;
			children = (
				94014CDA1DCD0B93007DC371 /* Jumpster */,
				94014CEF1DCD0B94007DC371 /* JumpsterTests */,
				94014CFA1DCD0B94007DC371 /* JumpsterUITests */,
				94014CD91DCD0B93007DC371 /* Products */,
			);
			sourceTree = "<group>";
		};
		94014CD91DCD0B93007DC371 /* Products */ = {
			isa = PBXGroup;
			children = (
				94014CD81DCD0B93007DC371 /* Jumpster.app */,
				94014CEC1DCD0B94007DC371 /* JumpsterTests.xctest */,
				94014CF71DCD0B94007DC371 /* JumpsterUITests.xctest */,
			);
			name = Products;
			sourceTree = "<group>";
		};
		94014CDA1DCD0B93007DC371 /* Jumpster */ = {
			isa = PBXGroup;
			children = (
				94014CDB1DCD0B93007DC371 /* AppDelegate.swift */,
				94014CDD1DCD0B93007DC371 /* ViewController.swift */,
				94014CDF1DCD0B93007DC371 /* Main.storyboard */,
				94014CE21DCD0B93007DC371 /* Assets.xcassets */,
				94014CE41DCD0B93007DC371 /* LaunchScreen.storyboard */,
				94014CE71DCD0B93007DC371 /* Info.plist */,
			);
			path = Jumpster;
			sourceTree = "<group>";
		};
		94014CEF1DCD0B94007DC371 /* JumpsterTests */ = {
			isa = PBXGroup;
			children = (
				94014CF01DCD0B94007DC371 /* JumpsterTests.swift */,
				94014CF21DCD0B94007DC371 /* Info.plist */,
			);
			path = JumpsterTests;
			sourceTree = "<group>";
		};
		94014CFA1DCD0B94007DC371 /* JumpsterUITests */ = {
			isa = PBXGroup;
			children = (
				94014CFB1DCD0B94007DC371 /* JumpsterUITests.swift */,
				94014CFD1DCD0B94007DC371 /* Info.plist */,
			);
			path = JumpsterUITests;
			sourceTree = "<group>";
		};
/* End PBXGroup section */

/* Begin PBXNativeTarget section */
		94014CD71DCD0B93007DC371 /* Jumpster */ = {
			isa = PBXNativeTarget;
			buildConfigurationList = 94014D001DCD0B94007DC371 /* Build configuration list for PBXNativeTarget "Jumpster" */;
			buildPhases = (
				94014CD41DCD0B93007DC371 /* Sources */,
				94014CD51DCD0B93007DC371 /* Frameworks */,
				94014CD61DCD0B93007DC371 /* Resources */,
			);
			buildRules = (
			);
			dependencies = (
			);
			name = Jumpster;
			productName = Jumpster;
			productReference = 94014CD81DCD0B93007DC371 /* Jumpster.app */;
			productType = "com.apple.product-type.application";
		};
		94014CEB1DCD0B94007DC371 /* JumpsterTests */ = {
			isa = PBXNativeTarget;
			buildConfigurationList = 94014D031DCD0B94007DC371 /* Build configuration list for PBXNativeTarget "JumpsterTests" */;
			buildPhases = (
				94014CE81DCD0B94007DC371 /* Sources */,
				94014CE91DCD0B94007DC371 /* Frameworks */,
				94014CEA1DCD0B94007DC371 /* Resources */,
			);
			buildRules = (
			);
			dependencies = (
				94014CEE1DCD0B94007DC371 /* PBXTargetDependency */,
			);
			name = JumpsterTests;
			productName = JumpsterTests;
			productReference = 94014CEC1DCD0B94007DC371 /* JumpsterTests.xctest */;
			productType = "com.apple.product-type.bundle.unit-test";
		};
		94014CF61DCD0B94007DC371 /* JumpsterUITests */ = {
			isa = PBXNativeTarget;
			buildConfigurationList = 94014D061DCD0B94007DC371 /* Build configuration list for PBXNativeTarget "JumpsterUITests" */;
			buildPhases = (
				94014CF31DCD0B94007DC371 /* Sources */,
				94014CF41DCD0B94007DC371 /* Frameworks */,
				94014CF51DCD0B94007DC371 /* Resources */,
			);
			buildRules = (
			);
			dependencies = (
				94014CF91DCD0B94007DC371 /* PBXTargetDependency */,
			);
			name = JumpsterUITests;
			productName = JumpsterUITests;
			productReference = 94014CF71DCD0B94007DC371 /* JumpsterUITests.xctest */;
			productType = "com.apple.product-type.bundle.ui-testing";
		};
/* End PBXNativeTarget section */

/* Begin PBXProject section */
		94014CD01DCD0B93007DC371 /* Project object */ = {
			isa = PBXProject;
			attributes = {
				LastSwiftUpdateCheck = 0810;
				LastUpgradeCheck = 0810;
				ORGANIZATIONNAME = "Ryan Pan";
				TargetAttributes = {
					94014CD71DCD0B93007DC371 = {
						CreatedOnToolsVersion = 8.1;
						ProvisioningStyle = Automatic;
					};
					94014CEB1DCD0B94007DC371 = {
						CreatedOnToolsVersion = 8.1;
						ProvisioningStyle = Automatic;
						TestTargetID = 94014CD71DCD0B93007DC371;
					};
					94014CF61DCD0B94007DC371 = {
						CreatedOnToolsVersion = 8.1;
						ProvisioningStyle = Automatic;
						TestTargetID = 94014CD71DCD0B93007DC371;
					};
				};
			};
			buildConfigurationList = 94014CD31DCD0B93007DC371 /* Build configuration list for PBXProject "Jumpster" */;
			compatibilityVersion = "Xcode 3.2";
			developmentRegion = English;
			hasScannedForEncodings = 0;
			knownRegions = (
				en,
				Base,
			);
			mainGroup = 94014CCF1DCD0B93007DC371;
			productRefGroup = 94014CD91DCD0B93007DC371 /* Products */;
			projectDirPath = "";
			projectRoot = "";
			targets = (
				94014CD71DCD0B93007DC371 /* Jumpster */,
				94014CEB1DCD0B94007DC371 /* JumpsterTests */,
				94014CF61DCD0B94007DC371 /* JumpsterUITests */,
			);
		};
/* End PBXProject section */

/* Begin PBXResourcesBuildPhase section */
		94014CD61DCD0B93007DC371 /* Resources */ = {
			isa = PBXResourcesBuildPhase;
			buildActionMask = 2147483647;
			files = (
				94014CE61DCD0B93007DC371 /* LaunchScreen.storyboard in Resources */,
				94014CE31DCD0B93007DC371 /* Assets.xcassets in Resources */,
				94014CE11DCD0B93007DC371 /* Main.storyboard in Resources */,
			);
			runOnlyForDeploymentPostprocessing = 0;
		};
		94014CEA1DCD0B94007DC371 /* Resources */ = {
			isa = PBXResourcesBuildPhase;
			buildActionMask = 2147483647;
			files = (
			);
			runOnlyForDeploymentPostprocessing = 0;
		};
		94014CF51DCD0B94007DC371 /* Resources */ = {
			isa = PBXResourcesBuildPhase;
			buildActionMask = 2147483647;
			files = (
			);
			runOnlyForDeploymentPostprocessing = 0;
		};
/* End PBXResourcesBuildPhase section */

/* Begin PBXSourcesBuildPhase section */
		94014CD41DCD0B93007DC371 /* Sources */ = {
			isa = PBXSourcesBuildPhase;
			buildActionMask = 2147483647;
			files = (
				94014CDE1DCD0B93007DC371 /* ViewController.swift in Sources */,
				94014CDC1DCD0B93007DC371 /* AppDelegate.swift in Sources */,
			);
			runOnlyForDeploymentPostprocessing = 0;
		};
		94014CE81DCD0B94007DC371 /* Sources */ = {
			isa = PBXSourcesBuildPhase;
			buildActionMask = 2147483647;
			files = (
				94014CF11DCD0B94007DC371 /* JumpsterTests.swift in Sources */,
			);
			runOnlyForDeploymentPostprocessing = 0;
		};
		94014CF31DCD0B94007DC371 /* Sources */ = {
			isa = PBXSourcesBuildPhase;
			buildActionMask = 2147483647;
			files = (
				94014CFC1DCD0B94007DC371 /* JumpsterUITests.swift in Sources */,
			);
			runOnlyForDeploymentPostprocessing = 0;
		};
/* End PBXSourcesBuildPhase section */

/* Begin PBXTargetDependency section */
		94014CEE1DCD0B94007DC371 /* PBXTargetDependency */ = {
			isa = PBXTargetDependency;
			target = 94014CD71DCD0B93007DC371 /* Jumpster */;
			targetProxy = 94014CED1DCD0B94007DC371 /* PBXContainerItemProxy */;
		};
		94014CF91DCD0B94007DC371 /* PBXTargetDependency */ = {
			isa = PBXTargetDependency;
			target = 94014CD71DCD0B93007DC371 /* Jumpster */;
			targetProxy = 94014CF81DCD0B94007DC371 /* PBXContainerItemProxy */;
		};
/* End PBXTargetDependency section */

/* Begin PBXVariantGroup section */
		94014CDF1DCD0B93007DC371 /* Main.storyboard */ = {
			isa = PBXVariantGroup;
			children = (
				94014CE01DCD0B93007DC371 /* Base */,
			);
			name = Main.storyboard;
			sourceTree = "<group>";
		};
		94014CE41DCD0B93007DC371 /* LaunchScreen.storyboard */ = {
			isa = PBXVariantGroup;
			children = (
				94014CE51DCD0B93007DC371 /* Base */,
			);
			name = LaunchScreen.storyboard;
			sourceTree = "<group>";
		};
/* End PBXVariantGroup section */

/* Begin XCBuildConfiguration section */
		94014CFE1DCD0B94007DC371 /* Debug */ = {
			isa = XCBuildConfiguration;
			buildSettings = {
				ALWAYS_SEARCH_USER_PATHS = NO;
				CLANG_ANALYZER_NONNULL = YES;
				CLANG_CXX_LANGUAGE_STANDARD = "gnu++0x";
				CLANG_CXX_LIBRARY = "libc++";
				CLANG_ENABLE_MODULES = YES;
				CLANG_ENABLE_OBJC_ARC = YES;
				CLANG_WARN_BOOL_CONVERSION = YES;
				CLANG_WARN_CONSTANT_CONVERSION = YES;
				CLANG_WARN_DIRECT_OBJC_ISA_USAGE = YES_ERROR;
				CLANG_WARN_DOCUMENTATION_COMMENTS = YES;
				CLANG_WARN_EMPTY_BODY = YES;
				CLANG_WARN_ENUM_CONVERSION = YES;
				CLANG_WARN_INFINITE_RECURSION = YES;
				CLANG_WARN_INT_CONVERSION = YES;
				CLANG_WARN_OBJC_ROOT_CLASS = YES_ERROR;
				CLANG_WARN_SUSPICIOUS_MOVES = YES;
				CLANG_WARN_UNREACHABLE_CODE = YES;
				CLANG_WARN__DUPLICATE_METHOD_MATCH = YES;
				"CODE_SIGN_IDENTITY[sdk=iphoneos*]" = "iPhone Developer";
				COPY_PHASE_STRIP = NO;
				DEBUG_INFORMATION_FORMAT = dwarf;
				ENABLE_STRICT_OBJC_MSGSEND = YES;
				ENABLE_TESTABILITY = YES;
				GCC_C_LANGUAGE_STANDARD = gnu99;
				GCC_DYNAMIC_NO_PIC = NO;
				GCC_NO_COMMON_BLOCKS = YES;
				GCC_OPTIMIZATION_LEVEL = 0;
				GCC_PREPROCESSOR_DEFINITIONS = (
					"DEBUG=1",
					"$(inherited)",
				);
				GCC_WARN_64_TO_32_BIT_CONVERSION = YES;
				GCC_WARN_ABOUT_RETURN_TYPE = YES_ERROR;
				GCC_WARN_UNDECLARED_SELECTOR = YES;
				GCC_WARN_UNINITIALIZED_AUTOS = YES_AGGRESSIVE;
				GCC_WARN_UNUSED_FUNCTION = YES;
				GCC_WARN_UNUSED_VARIABLE = YES;
				IPHONEOS_DEPLOYMENT_TARGET = 10.1;
				MTL_ENABLE_DEBUG_INFO = YES;
				ONLY_ACTIVE_ARCH = YES;
				SDKROOT = iphoneos;
				SWIFT_ACTIVE_COMPILATION_CONDITIONS = DEBUG;
				SWIFT_OPTIMIZATION_LEVEL = "-Onone";
			};
			name = Debug;
		};
		94014CFF1DCD0B94007DC371 /* Release */ = {
			isa = XCBuildConfiguration;
			buildSettings = {
				ALWAYS_SEARCH_USER_PATHS = NO;
				CLANG_ANALYZER_NONNULL = YES;
				CLANG_CXX_LANGUAGE_STANDARD = "gnu++0x";
				CLANG_CXX_LIBRARY = "libc++";
				CLANG_ENABLE_MODULES = YES;
				CLANG_ENABLE_OBJC_ARC = YES;
				CLANG_WARN_BOOL_CONVERSION = YES;
				CLANG_WARN_CONSTANT_CONVERSION = YES;
				CLANG_WARN_DIRECT_OBJC_ISA_USAGE = YES_ERROR;
				CLANG_WARN_DOCUMENTATION_COMMENTS = YES;
				CLANG_WARN_EMPTY_BODY = YES;
				CLANG_WARN_ENUM_CONVERSION = YES;
				CLANG_WARN_INFINITE_RECURSION = YES;
				CLANG_WARN_INT_CONVERSION = YES;
				CLANG_WARN_OBJC_ROOT_CLASS = YES_ERROR;
				CLANG_WARN_SUSPICIOUS_MOVES = YES;
				CLANG_WARN_UNREACHABLE_CODE = YES;
				CLANG_WARN__DUPLICATE_METHOD_MATCH = YES;
				"CODE_SIGN_IDENTITY[sdk=iphoneos*]" = "iPhone Developer";
				COPY_PHASE_STRIP = NO;
				DEBUG_INFORMATION_FORMAT = "dwarf-with-dsym";
				ENABLE_NS_ASSERTIONS = NO;
				ENABLE_STRICT_OBJC_MSGSEND = YES;
				GCC_C_LANGUAGE_STANDARD = gnu99;
				GCC_NO_COMMON_BLOCKS = YES;
				GCC_WARN_64_TO_32_BIT_CONVERSION = YES;
				GCC_WARN_ABOUT_RETURN_TYPE = YES_ERROR;
				GCC_WARN_UNDECLARED_SELECTOR = YES;
				GCC_WARN_UNINITIALIZED_AUTOS = YES_AGGRESSIVE;
				GCC_WARN_UNUSED_FUNCTION = YES;
				GCC_WARN_UNUSED_VARIABLE = YES;
				IPHONEOS_DEPLOYMENT_TARGET = 10.1;
				MTL_ENABLE_DEBUG_INFO = NO;
				SDKROOT = iphoneos;
				SWIFT_OPTIMIZATION_LEVEL = "-Owholemodule";
				VALIDATE_PRODUCT = YES;
			};
			name = Release;
		};
		94014D011DCD0B94007DC371 /* Debug */ = {
			isa = XCBuildConfiguration;
			buildSettings = {
				ASSETCATALOG_COMPILER_APPICON_NAME = AppIcon;
				INFOPLIST_FILE = Jumpster/Info.plist;
				LD_RUNPATH_SEARCH_PATHS = "$(inherited) @executable_path/Frameworks";
				PRODUCT_BUNDLE_IDENTIFIER = com.Ryan.Jumpster;
				PRODUCT_NAME = "$(TARGET_NAME)";
				SWIFT_VERSION = 3.0;
			};
			name = Debug;
		};
		94014D021DCD0B94007DC371 /* Release */ = {
			isa = XCBuildConfiguration;
			buildSettings = {
				ASSETCATALOG_COMPILER_APPICON_NAME = AppIcon;
				INFOPLIST_FILE = Jumpster/Info.plist;
				LD_RUNPATH_SEARCH_PATHS = "$(inherited) @executable_path/Frameworks";
				PRODUCT_BUNDLE_IDENTIFIER = com.Ryan.Jumpster;
				PRODUCT_NAME = "$(TARGET_NAME)";
				SWIFT_VERSION = 3.0;
			};
			name = Release;
		};
		94014D041DCD0B94007DC371 /* Debug */ = {
			isa = XCBuildConfiguration;
			buildSettings = {
				ALWAYS_EMBED_SWIFT_STANDARD_LIBRARIES = YES;
				BUNDLE_LOADER = "$(TEST_HOST)";
				INFOPLIST_FILE = JumpsterTests/Info.plist;
				LD_RUNPATH_SEARCH_PATHS = "$(inherited) @executable_path/Frameworks @loader_path/Frameworks";
				PRODUCT_BUNDLE_IDENTIFIER = com.Ryan.JumpsterTests;
				PRODUCT_NAME = "$(TARGET_NAME)";
				SWIFT_VERSION = 3.0;
				TEST_HOST = "$(BUILT_PRODUCTS_DIR)/Jumpster.app/Jumpster";
			};
			name = Debug;
		};
		94014D051DCD0B94007DC371 /* Release */ = {
			isa = XCBuildConfiguration;
			buildSettings = {
				ALWAYS_EMBED_SWIFT_STANDARD_LIBRARIES = YES;
				BUNDLE_LOADER = "$(TEST_HOST)";
				INFOPLIST_FILE = JumpsterTests/Info.plist;
				LD_RUNPATH_SEARCH_PATHS = "$(inherited) @executable_path/Frameworks @loader_path/Frameworks";
				PRODUCT_BUNDLE_IDENTIFIER = com.Ryan.JumpsterTests;
				PRODUCT_NAME = "$(TARGET_NAME)";
				SWIFT_VERSION = 3.0;
				TEST_HOST = "$(BUILT_PRODUCTS_DIR)/Jumpster.app/Jumpster";
			};
			name = Release;
		};
		94014D071DCD0B94007DC371 /* Debug */ = {
			isa = XCBuildConfiguration;
			buildSettings = {
				ALWAYS_EMBED_SWIFT_STANDARD_LIBRARIES = YES;
				INFOPLIST_FILE = JumpsterUITests/Info.plist;
				LD_RUNPATH_SEARCH_PATHS = "$(inherited) @executable_path/Frameworks @loader_path/Frameworks";
				PRODUCT_BUNDLE_IDENTIFIER = com.Ryan.JumpsterUITests;
				PRODUCT_NAME = "$(TARGET_NAME)";
				SWIFT_VERSION = 3.0;
				TEST_TARGET_NAME = Jumpster;
			};
			name = Debug;
		};
		94014D081DCD0B94007DC371 /* Release */ = {
			isa = XCBuildConfiguration;
			buildSettings = {
				ALWAYS_EMBED_SWIFT_STANDARD_LIBRARIES = YES;
				INFOPLIST_FILE = JumpsterUITests/Info.plist;
				LD_RUNPATH_SEARCH_PATHS = "$(inherited) @executable_path/Frameworks @loader_path/Frameworks";
				PRODUCT_BUNDLE_IDENTIFIER = com.Ryan.JumpsterUITests;
				PRODUCT_NAME = "$(TARGET_NAME)";
				SWIFT_VERSION = 3.0;
				TEST_TARGET_NAME = Jumpster;
			};
			name = Release;
		};
/* End XCBuildConfiguration section */

/* Begin XCConfigurationList section */
		94014CD31DCD0B93007DC371 /* Build configuration list for PBXProject "Jumpster" */ = {
			isa = XCConfigurationList;
			buildConfigurations = (
				94014CFE1DCD0B94007DC371 /* Debug */,
				94014CFF1DCD0B94007DC371 /* Release */,
			);
			defaultConfigurationIsVisible = 0;
			defaultConfigurationName = Release;
		};
		94014D001DCD0B94007DC371 /* Build configuration list for PBXNativeTarget "Jumpster" */ = {
			isa = XCConfigurationList;
			buildConfigurations = (
				94014D011DCD0B94007DC371 /* Debug */,
				94014D021DCD0B94007DC371 /* Release */,
			);
			defaultConfigurationIsVisible = 0;
		};
		94014D031DCD0B94007DC371 /* Build configuration list for PBXNativeTarget "JumpsterTests" */ = {
			isa = XCConfigurationList;
			buildConfigurations = (
				94014D041DCD0B94007DC371 /* Debug */,
				94014D051DCD0B94007DC371 /* Release */,
			);
			defaultConfigurationIsVisible = 0;
		};
		94014D061DCD0B94007DC371 /* Build configuration list for PBXNativeTarget "JumpsterUITests" */ = {
			isa = XCConfigurationList;
			buildConfigurations = (
				94014D071DCD0B94007DC371 /* Debug */,
				94014D081DCD0B94007DC371 /* Release */,
			);
			defaultConfigurationIsVisible = 0;
		};
/* End XCConfigurationList section */
	};
	rootObject = 94014CD01DCD0B93007DC371 /* Project object */;
}
